
Microsoft Visual Studio Solution File, Format Version 12.00
# Visual Studio 15
Project("{FAE04EC0-301F-11D3-BF4B-00C04F79EFBC}") = "Assembly-CSharp", "Assembly-CSharp.csproj", "{B7B44BA2-60F7-FE44-D3A0-1015A09AB59E}"
EndProject
Project("{FAE04EC0-301F-11D3-BF4B-00C04F79EFBC}") = "Assembly-CSharp-firstpass", "Assembly-CSharp-firstpass.csproj", "{A0601652-4037-61F6-1778-71AEB175EBB2}"
EndProject
Project("{FAE04EC0-301F-11D3-BF4B-00C04F79EFBC}") = "Assembly-CSharp-Editor", "Assembly-CSharp-Editor.csproj", "{613184B0-856A-9A33-9583-7840EDA77AB5}"
EndProject
Global
	GlobalSection(SolutionConfigurationPlatforms) = preSolution
		Debug|Any CPU = Debug|Any CPU
		Release|Any CPU = Release|Any CPU
	EndGlobalSection
	GlobalSection(ProjectConfigurationPlatforms) = postSolution
		{B7B44BA2-60F7-FE44-D3A0-1015A09AB59E}.Debug|Any CPU.ActiveCfg = Debug|Any CPU
		{B7B44BA2-60F7-FE44-D3A0-1015A09AB59E}.Debug|Any CPU.Build.0 = Debug|Any CPU
		{B7B44BA2-60F7-FE44-D3A0-1015A09AB59E}.Release|Any CPU.ActiveCfg = Release|Any CPU
		{B7B44BA2-60F7-FE44-D3A0-1015A09AB59E}.Release|Any CPU.Build.0 = Release|Any CPU
		{A0601652-4037-61F6-1778-71AEB175EBB2}.Debug|Any CPU.ActiveCfg = Debug|Any CPU
		{A0601652-4037-61F6-1778-71AEB175EBB2}.Debug|Any CPU.Build.0 = Debug|Any CPU
		{A0601652-4037-61F6-1778-71AEB175EBB2}.Release|Any CPU.ActiveCfg = Release|Any CPU
		{A0601652-4037-61F6-1778-71AEB175EBB2}.Release|Any CPU.Build.0 = Release|Any CPU
		{613184B0-856A-9A33-9583-7840EDA77AB5}.Debug|Any CPU.ActiveCfg = Debug|Any CPU
		{613184B0-856A-9A33-9583-7840EDA77AB5}.Debug|Any CPU.Build.0 = Debug|Any CPU
		{613184B0-856A-9A33-9583-7840EDA77AB5}.Release|Any CPU.ActiveCfg = Release|Any CPU
		{613184B0-856A-9A33-9583-7840EDA77AB5}.Release|Any CPU.Build.0 = Release|Any CPU
	EndGlobalSection
	GlobalSection(SolutionProperties) = preSolution
		HideSolutionNode = FALSE
	EndGlobalSection
EndGlobal
